
Microsoft Visual Studio Solution File, Format Version 12.00
# Visual Studio Version 16
VisualStudioVersion = 16.0.29728.190
MinimumVisualStudioVersion = 10.0.40219.1
Project("{9A19103F-16F7-4668-BE54-9A1E7A4F7556}") = "HttpWebTester.ConsoleApp", "HttpWebTester.ConsoleApp\HttpWebTester.ConsoleApp.csproj", "{25FFF660-42F3-4A62-ACB8-91C51A3BF359}"
EndProject
Project("{2150E333-8FDC-42A3-9474-1A3956D46DE8}") = "Solution Items", "Solution Items", "{DD297A72-838D-4319-BDDD-1995E9684207}"
	ProjectSection(SolutionItems) = preProject
		README.md = README.md
	EndProjectSection
EndProject
Project("{9A19103F-16F7-4668-BE54-9A1E7A4F7556}") = "ApiTestGenerator.Models", "OpenApiSpec\ApiTestGenerator.Models\ApiTestGenerator.Models.csproj", "{04849D55-8C5E-4826-8751-2AFCEE470442}"
EndProject
Project("{9A19103F-16F7-4668-BE54-9A1E7A4F7556}") = "Engines.ApiDocs", "OpenApiSpec\Engines.ApiDocs\Engines.ApiDocs.csproj", "{320F4A5E-8A5C-464D-A767-2876EF166B3C}"
EndProject
Project("{9A19103F-16F7-4668-BE54-9A1E7A4F7556}") = "SwaggerParsing", "OpenApiSpec\SwaggerParser\SwaggerParsing.csproj", "{8D9BFF6C-5F28-40FB-9449-87171D4B29D3}"
EndProject
Project("{FAE04EC0-301F-11D3-BF4B-00C04F79EFBC}") = "Settings", "Settings\Settings.csproj", "{7A67AC01-B356-4F89-818E-9ADBC3891F55}"
EndProject
Global
	GlobalSection(SolutionConfigurationPlatforms) = preSolution
		Debug|Any CPU = Debug|Any CPU
		Release|Any CPU = Release|Any CPU
	EndGlobalSection
	GlobalSection(ProjectConfigurationPlatforms) = postSolution
		{25FFF660-42F3-4A62-ACB8-91C51A3BF359}.Debug|Any CPU.ActiveCfg = Debug|Any CPU
		{25FFF660-42F3-4A62-ACB8-91C51A3BF359}.Debug|Any CPU.Build.0 = Debug|Any CPU
		{25FFF660-42F3-4A62-ACB8-91C51A3BF359}.Release|Any CPU.ActiveCfg = Release|Any CPU
		{25FFF660-42F3-4A62-ACB8-91C51A3BF359}.Release|Any CPU.Build.0 = Release|Any CPU
		{04849D55-8C5E-4826-8751-2AFCEE470442}.Debug|Any CPU.ActiveCfg = Debug|Any CPU
		{04849D55-8C5E-4826-8751-2AFCEE470442}.Debug|Any CPU.Build.0 = Debug|Any CPU
		{04849D55-8C5E-4826-8751-2AFCEE470442}.Release|Any CPU.ActiveCfg = Release|Any CPU
		{04849D55-8C5E-4826-8751-2AFCEE470442}.Release|Any CPU.Build.0 = Release|Any CPU
		{320F4A5E-8A5C-464D-A767-2876EF166B3C}.Debug|Any CPU.ActiveCfg = Debug|Any CPU
		{320F4A5E-8A5C-464D-A767-2876EF166B3C}.Debug|Any CPU.Build.0 = Debug|Any CPU
		{320F4A5E-8A5C-464D-A767-2876EF166B3C}.Release|Any CPU.ActiveCfg = Release|Any CPU
		{320F4A5E-8A5C-464D-A767-2876EF166B3C}.Release|Any CPU.Build.0 = Release|Any CPU
		{8D9BFF6C-5F28-40FB-9449-87171D4B29D3}.Debug|Any CPU.ActiveCfg = Debug|Any CPU
		{8D9BFF6C-5F28-40FB-9449-87171D4B29D3}.Debug|Any CPU.Build.0 = Debug|Any CPU
		{8D9BFF6C-5F28-40FB-9449-87171D4B29D3}.Release|Any CPU.ActiveCfg = Release|Any CPU
		{8D9BFF6C-5F28-40FB-9449-87171D4B29D3}.Release|Any CPU.Build.0 = Release|Any CPU
		{7A67AC01-B356-4F89-818E-9ADBC3891F55}.Debug|Any CPU.ActiveCfg = Debug|Any CPU
		{7A67AC01-B356-4F89-818E-9ADBC3891F55}.Debug|Any CPU.Build.0 = Debug|Any CPU
		{7A67AC01-B356-4F89-818E-9ADBC3891F55}.Release|Any CPU.ActiveCfg = Release|Any CPU
		{7A67AC01-B356-4F89-818E-9ADBC3891F55}.Release|Any CPU.Build.0 = Release|Any CPU
	EndGlobalSection
	GlobalSection(SolutionProperties) = preSolution
		HideSolutionNode = FALSE
	EndGlobalSection
	GlobalSection(ExtensibilityGlobals) = postSolution
		SolutionGuid = {C872B2B0-3199-48F7-95CF-F8BDD1B11214}
	EndGlobalSection
EndGlobal
